{
  "name": "frontend-web",
  "version": "2.0.0",
  "lockfileVersion": 1,
  "requires": true,
  "dependencies": {
    "@types/bounds.js": {
      "version": "1.0.0",
      "resolved": "https://registry.npmjs.org/@types/bounds.js/-/bounds.js-1.0.0.tgz",
      "integrity": "sha512-6iSOzYksRnDZvP4vsT+m7KYvzAUAqm4WnA+DrYMeGJVmR0pOs1e0sw1y/vC3nKtS1d8iMo1JVriFqa2/AkrNyQ=="
    },
    "@types/node": {
      "version": "12.12.53",
      "resolved": "https://registry.npmjs.org/@types/node/-/node-12.12.53.tgz",
      "integrity": "sha512-51MYTDTyCziHb70wtGNFRwB4l+5JNvdqzFSkbDvpbftEgVUBEE+T5f7pROhWMp/fxp07oNIEQZd5bbfAH22ohQ==",
      "dev": true
    },
    "bounds.js": {
      "version": "1.0.4",
      "resolved": "https://registry.npmjs.org/bounds.js/-/bounds.js-1.0.4.tgz",
      "integrity": "sha512-teCQmUuF0WPqi0PO0IS8wjqKgYRYqbkKftDrnHpp0SLlUbBG3MM4x+rcoU25JaVIhjeBK3k7Xr7zL57uVuzQLQ=="
    }
  }
}
